dependencies:
- name: helm-product
  repository: oci://ghcr.io/onecx/charts
  version: 0.2.0
- name: onecx-infra-kc-operator
  repository: oci://ghcr.io/onecx/charts
  version: 0.0.0-rc.2
- name: reloader
  repository: https://stakater.github.io/stakater-charts
  version: 2.0.0
- name: kubernetes-secret-generator
  repository: https://helm.mittwald.de
  version: 3.4.1
- name: prometheus
  repository: https://prometheus-community.github.io/helm-charts
  version: 27.5.1
- name: jaeger
  repository: https://jaegertracing.github.io/helm-charts
  version: 3.4.0
- name: grafana
  repository: https://grafana.github.io/helm-charts
  version: 8.10.4
digest: sha256:da30f8d67ad12f5e86b63dabe092cf0ce322f0d886bda37d952d349b5f536666
generated: "2025-03-18T02:24:28.797622977Z"
