dependencies:
- name: helm-product
  repository: oci://ghcr.io/onecx/charts
  version: 0.2.0
- name: onecx-infra-kc-operator
  repository: oci://ghcr.io/onecx/charts
  version: 0.0.0-rc.2
- name: reloader
  repository: https://stakater.github.io/stakater-charts
  version: 1.1.0
- name: kubernetes-secret-generator
  repository: https://helm.mittwald.de
  version: 3.4.0
- name: prometheus
  repository: https://prometheus-community.github.io/helm-charts
  version: 25.30.1
- name: jaeger
  repository: https://jaegertracing.github.io/helm-charts
  version: 3.3.2
- name: grafana
  repository: https://grafana.github.io/helm-charts
  version: 8.6.0
digest: sha256:647a2a6f3d6385a5f273f4a6cf9780f5f4a628fce120fefff6038be65b774f3a
generated: "2024-11-19T02:23:26.279883341Z"
